
Microsoft Visual Studio Solution File, Format Version 12.00
# Visual Studio Version 16
VisualStudioVersion = 16.0.30907.101
MinimumVisualStudioVersion = 10.0.40219.1
Project("{FAE04EC0-301F-11D3-BF4B-00C04F79EFBC}") = "Insta", "Insta\Insta.csproj", "{AB4BBAE0-7E84-412B-A782-DBF58D7FD1CE}"
EndProject
Project("{FAE04EC0-301F-11D3-BF4B-00C04F79EFBC}") = "LoadProxy", "LoadProxy\LoadProxy.csproj", "{038153E4-8417-4EE5-A245-76A81F2CE70B}"
EndProject
Global
	GlobalSection(SolutionConfigurationPlatforms) = preSolution
		Debug|Any CPU = Debug|Any CPU
		Release|Any CPU = Release|Any CPU
	EndGlobalSection
	GlobalSection(ProjectConfigurationPlatforms) = postSolution
		{AB4BBAE0-7E84-412B-A782-DBF58D7FD1CE}.Debug|Any CPU.ActiveCfg = Debug|Any CPU
		{AB4BBAE0-7E84-412B-A782-DBF58D7FD1CE}.Debug|Any CPU.Build.0 = Debug|Any CPU
		{AB4BBAE0-7E84-412B-A782-DBF58D7FD1CE}.Release|Any CPU.ActiveCfg = Release|Any CPU
		{AB4BBAE0-7E84-412B-A782-DBF58D7FD1CE}.Release|Any CPU.Build.0 = Release|Any CPU
		{038153E4-8417-4EE5-A245-76A81F2CE70B}.Debug|Any CPU.ActiveCfg = Debug|Any CPU
		{038153E4-8417-4EE5-A245-76A81F2CE70B}.Debug|Any CPU.Build.0 = Debug|Any CPU
		{038153E4-8417-4EE5-A245-76A81F2CE70B}.Release|Any CPU.ActiveCfg = Release|Any CPU
		{038153E4-8417-4EE5-A245-76A81F2CE70B}.Release|Any CPU.Build.0 = Release|Any CPU
	EndGlobalSection
	GlobalSection(SolutionProperties) = preSolution
		HideSolutionNode = FALSE
	EndGlobalSection
	GlobalSection(ExtensibilityGlobals) = postSolution
		SolutionGuid = {99F1CEF3-9EFE-4A01-80C1-28D81AD1E805}
	EndGlobalSection
EndGlobal
